
Microsoft Visual Studio Solution File, Format Version 12.00
# Visual Studio Version 17
VisualStudioVersion = 17.8.34330.188
MinimumVisualStudioVersion = 10.0.40219.1
Project("{9A19103F-16F7-4668-BE54-9A1E7A4F7556}") = "ExemploHTTP", "ExemploHTTP\ExemploHTTP.csproj", "{D29A2406-E0D5-460F-9C6E-0FB70908E1A9}"
EndProject
Project("{2150E333-8FDC-42A3-9474-1A3956D46DE8}") = "ViewModels", "ViewModels", "{6401F03C-6EC2-4C35-BD42-B9AA18B8CD42}"
	ProjectSection(SolutionItems) = preProject
		ViewModels.cs = ViewModels.cs
	EndProjectSection
EndProject
Global
	GlobalSection(SolutionConfigurationPlatforms) = preSolution
		Debug|Any CPU = Debug|Any CPU
		Release|Any CPU = Release|Any CPU
	EndGlobalSection
	GlobalSection(ProjectConfigurationPlatforms) = postSolution
		{D29A2406-E0D5-460F-9C6E-0FB70908E1A9}.Debug|Any CPU.ActiveCfg = Debug|Any CPU
		{D29A2406-E0D5-460F-9C6E-0FB70908E1A9}.Debug|Any CPU.Build.0 = Debug|Any CPU
		{D29A2406-E0D5-460F-9C6E-0FB70908E1A9}.Debug|Any CPU.Deploy.0 = Debug|Any CPU
		{D29A2406-E0D5-460F-9C6E-0FB70908E1A9}.Release|Any CPU.ActiveCfg = Release|Any CPU
		{D29A2406-E0D5-460F-9C6E-0FB70908E1A9}.Release|Any CPU.Build.0 = Release|Any CPU
		{D29A2406-E0D5-460F-9C6E-0FB70908E1A9}.Release|Any CPU.Deploy.0 = Release|Any CPU
	EndGlobalSection
	GlobalSection(SolutionProperties) = preSolution
		HideSolutionNode = FALSE
	EndGlobalSection
	GlobalSection(ExtensibilityGlobals) = postSolution
		SolutionGuid = {9DAF51A9-059E-432E-B190-E0198365C40A}
	EndGlobalSection
EndGlobal
